
Microsoft Visual Studio Solution File, Format Version 12.00
# Visual Studio 2012
Project("{FAE04EC0-301F-11D3-BF4B-00C04F79EFBC}") = "PluginHost", "PluginHost.csproj", "{9DAB2A28-09A6-465F-8399-3D5A292702EB}"
EndProject
Global
	GlobalSection(SolutionConfigurationPlatforms) = preSolution
		Debug|Any CPU = Debug|Any CPU
		Release|Any CPU = Release|Any CPU
	EndGlobalSection
	GlobalSection(ProjectConfigurationPlatforms) = postSolution
		{9DAB2A28-09A6-465F-8399-3D5A292702EB}.Debug|Any CPU.ActiveCfg = Debug|Any CPU
		{9DAB2A28-09A6-465F-8399-3D5A292702EB}.Debug|Any CPU.Build.0 = Debug|Any CPU
		{9DAB2A28-09A6-465F-8399-3D5A292702EB}.Release|Any CPU.ActiveCfg = Release|Any CPU
		{9DAB2A28-09A6-465F-8399-3D5A292702EB}.Release|Any CPU.Build.0 = Release|Any CPU
	EndGlobalSection
	GlobalSection(SolutionProperties) = preSolution
		HideSolutionNode = FALSE
	EndGlobalSection
EndGlobal
